
Microsoft Visual Studio Solution File, Format Version 12.00
# Visual Studio Version 17
VisualStudioVersion = 17.14.37012.4 d17.14
MinimumVisualStudioVersion = 10.0.40219.1
Project("{FAE04EC0-301F-11D3-BF4B-00C04F79EFBC}") = "StaritsinLibrary", "StaritsinLibrary\StaritsinLibrary.csproj", "{20FFC787-C913-412D-9387-BF631580D0D6}"
EndProject
Project("{FAE04EC0-301F-11D3-BF4B-00C04F79EFBC}") = "StartitsinWPF", "StartitsinWPF\StartitsinWPF.csproj", "{D8536CCF-7E17-440E-80A4-C5A6E48BFBD3}"
EndProject
Project("{FAE04EC0-301F-11D3-BF4B-00C04F79EFBC}") = "StaritsinTests", "StaritsinTests\StaritsinTests.csproj", "{1852F54F-2176-44E3-96B9-386C1B805B3A}"
EndProject
Global
	GlobalSection(SolutionConfigurationPlatforms) = preSolution
		Debug|Any CPU = Debug|Any CPU
		Release|Any CPU = Release|Any CPU
	EndGlobalSection
	GlobalSection(ProjectConfigurationPlatforms) = postSolution
		{20FFC787-C913-412D-9387-BF631580D0D6}.Debug|Any CPU.ActiveCfg = Debug|Any CPU
		{20FFC787-C913-412D-9387-BF631580D0D6}.Debug|Any CPU.Build.0 = Debug|Any CPU
		{20FFC787-C913-412D-9387-BF631580D0D6}.Release|Any CPU.ActiveCfg = Release|Any CPU
		{20FFC787-C913-412D-9387-BF631580D0D6}.Release|Any CPU.Build.0 = Release|Any CPU
		{D8536CCF-7E17-440E-80A4-C5A6E48BFBD3}.Debug|Any CPU.ActiveCfg = Debug|Any CPU
		{D8536CCF-7E17-440E-80A4-C5A6E48BFBD3}.Debug|Any CPU.Build.0 = Debug|Any CPU
		{D8536CCF-7E17-440E-80A4-C5A6E48BFBD3}.Release|Any CPU.ActiveCfg = Release|Any CPU
		{D8536CCF-7E17-440E-80A4-C5A6E48BFBD3}.Release|Any CPU.Build.0 = Release|Any CPU
		{1852F54F-2176-44E3-96B9-386C1B805B3A}.Debug|Any CPU.ActiveCfg = Debug|Any CPU
		{1852F54F-2176-44E3-96B9-386C1B805B3A}.Debug|Any CPU.Build.0 = Debug|Any CPU
		{1852F54F-2176-44E3-96B9-386C1B805B3A}.Release|Any CPU.ActiveCfg = Release|Any CPU
		{1852F54F-2176-44E3-96B9-386C1B805B3A}.Release|Any CPU.Build.0 = Release|Any CPU
	EndGlobalSection
	GlobalSection(SolutionProperties) = preSolution
		HideSolutionNode = FALSE
	EndGlobalSection
	GlobalSection(ExtensibilityGlobals) = postSolution
		SolutionGuid = {C8DAF750-13C2-4DCA-BAB7-06422D604153}
	EndGlobalSection
EndGlobal
